
Microsoft Visual Studio Solution File, Format Version 12.00
# Visual Studio 2013
VisualStudioVersion = 12.0.21005.1
MinimumVisualStudioVersion = 10.0.40219.1
Project("{FAE04EC0-301F-11D3-BF4B-00C04F79EFBC}") = "ChristaStellen", "ChristaStellen\ChristaStellen.csproj", "{7AFE4C29-8C7D-4244-9289-527B7F1E658D}"
EndProject
Project("{FAE04EC0-301F-11D3-BF4B-00C04F79EFBC}") = "Uppgift 3", "Uppgift 3\Uppgift 3.csproj", "{3E6D8409-A963-47BB-9290-F7C2F2301056}"
EndProject
Project("{FAE04EC0-301F-11D3-BF4B-00C04F79EFBC}") = "Semifinal", "Semifinal\Semifinal.csproj", "{C6243DAF-F1AE-4ED4-A897-19F1FC72B616}"
EndProject
Global
	GlobalSection(SolutionConfigurationPlatforms) = preSolution
		Debug|Any CPU = Debug|Any CPU
		Release|Any CPU = Release|Any CPU
	EndGlobalSection
	GlobalSection(ProjectConfigurationPlatforms) = postSolution
		{7AFE4C29-8C7D-4244-9289-527B7F1E658D}.Debug|Any CPU.ActiveCfg = Debug|Any CPU
		{7AFE4C29-8C7D-4244-9289-527B7F1E658D}.Debug|Any CPU.Build.0 = Debug|Any CPU
		{7AFE4C29-8C7D-4244-9289-527B7F1E658D}.Release|Any CPU.ActiveCfg = Release|Any CPU
		{7AFE4C29-8C7D-4244-9289-527B7F1E658D}.Release|Any CPU.Build.0 = Release|Any CPU
		{3E6D8409-A963-47BB-9290-F7C2F2301056}.Debug|Any CPU.ActiveCfg = Debug|Any CPU
		{3E6D8409-A963-47BB-9290-F7C2F2301056}.Debug|Any CPU.Build.0 = Debug|Any CPU
		{3E6D8409-A963-47BB-9290-F7C2F2301056}.Release|Any CPU.ActiveCfg = Release|Any CPU
		{3E6D8409-A963-47BB-9290-F7C2F2301056}.Release|Any CPU.Build.0 = Release|Any CPU
		{C6243DAF-F1AE-4ED4-A897-19F1FC72B616}.Debug|Any CPU.ActiveCfg = Debug|Any CPU
		{C6243DAF-F1AE-4ED4-A897-19F1FC72B616}.Debug|Any CPU.Build.0 = Debug|Any CPU
		{C6243DAF-F1AE-4ED4-A897-19F1FC72B616}.Release|Any CPU.ActiveCfg = Release|Any CPU
		{C6243DAF-F1AE-4ED4-A897-19F1FC72B616}.Release|Any CPU.Build.0 = Release|Any CPU
	EndGlobalSection
	GlobalSection(SolutionProperties) = preSolution
		HideSolutionNode = FALSE
	EndGlobalSection
EndGlobal
